lockfileVersion: '9.0'

settings:
  autoInstallPeers: true
  excludeLinksFromLockfile: false

importers:

  .:
    dependencies:
      command-line-args:
        specifier: ^6.0.0
        version: 6.0.0
      yaml:
        specifier: ^2.5.0
        version: 2.5.0

packages:

  array-back@6.2.2:
    resolution: {integrity: sha512-gUAZ7HPyb4SJczXAMUXMGAvI976JoK3qEx9v1FTmeYuJj0IBiaKttG1ydtGKdkfqWkIkouke7nG8ufGy77+Cvw==}
    engines: {node: '>=12.17'}

  command-line-args@6.0.0:
    resolution: {integrity: sha512-zDdHxHzlCp/gA1gy0VtPK3YL0Aob3ijJdwZ7H3HSl55hh8EziLtRlyj/od8EGRJfX8IjussC/mQkScl2Ms5Suw==}
    engines: {node: '>=12.20'}

  find-replace@5.0.1:
    resolution: {integrity: sha512-o5/Y8HrCNRuFF5rdNTkX8Vhv6kTFTV0t1zIoigwlCdbkA9qaapRzxvWPND2VvlFa9LBI05Q1i8ml/saMqkOJUQ==}
    engines: {node: '>=14'}

  lodash.camelcase@4.3.0:
    resolution: {integrity: sha512-TwuEnCnxbc3rAvhf/LbG7tJUDzhqXyFnv3dtzLOPgCG/hODL7WFnsbwktkD7yUV0RrreP/l1PALq/YSg6VvjlA==}

  typical@7.1.1:
    resolution: {integrity: sha512-T+tKVNs6Wu7IWiAce5BgMd7OZfNYUndHwc5MknN+UHOudi7sGZzuHdCadllRuqJ3fPtgFtIH9+lt9qRv6lmpfA==}
    engines: {node: '>=12.17'}

  yaml@2.5.0:
    resolution: {integrity: sha512-2wWLbGbYDiSqqIKoPjar3MPgB94ErzCtrNE1FdqGuaO0pi2JGjmE8aW8TDZwzU7vuxcGRdL/4gPQwQ7hD5AMSw==}
    engines: {node: '>= 14'}
    hasBin: true

snapshots:

  array-back@6.2.2: {}

  command-line-args@6.0.0:
    dependencies:
      array-back: 6.2.2
      find-replace: 5.0.1
      lodash.camelcase: 4.3.0
      typical: 7.1.1

  find-replace@5.0.1:
    dependencies:
      array-back: 6.2.2

  lodash.camelcase@4.3.0: {}

  typical@7.1.1: {}

  yaml@2.5.0: {}
